<?xml version="1.0" encoding="utf-8"?>
<Project ToolsVersion="4.0" xmlns="http://schemas.microsoft.com/developer/msbuild/2003">
  <ItemGroup>
    <Filter Include="Common">
      <UniqueIdentifier>24237514-725a-4649-bcde-5fa3a45803cb</UniqueIdentifier>
    </Filter>
    <Filter Include="Assets">
      <UniqueIdentifier>3ddfa165-2382-4e91-81f6-7c78aaa21357</UniqueIdentifier>
      <Extensions>bmp;fbx;gif;jpg;jpeg;tga;tiff;tif;png</Extensions>
    </Filter>
    <Filter Include="Content">
      <UniqueIdentifier>512b87f1-5220-44d3-9742-80012714f294</UniqueIdentifier>
    </Filter>
    <ClInclude Include="Common\DirectXHelper.h">
      <Filter>Common</Filter>
    </ClInclude>
    <ClInclude Include="Common\StepTimer.h">
      <Filter>Common</Filter>
    </ClInclude>
    <ClInclude Include="Common\DeviceResources.h">
      <Filter>Common</Filter>
    </ClInclude>
    <ClCompile Include="Common\DeviceResources.cpp">
      <Filter>Common</Filter>
    </ClCompile>
    <ClInclude Include="Content\Sample3DSceneRenderer.h">
      <Filter>Content</Filter>
    </ClInclude>
    <ClInclude Include="Content\SampleFpsTextRenderer.h">
      <Filter>Content</Filter>
    </ClInclude>
    <ClInclude Include="Content\ShaderStructures.h">
      <Filter>Content</Filter>
    </ClInclude>
    <ClCompile Include="Content\Sample3DSceneRenderer.cpp">
      <Filter>Content</Filter>
    </ClCompile>
    <ClCompile Include="Content\SampleFpsTextRenderer.cpp">
      <Filter>Content</Filter>
    </ClCompile>
    <FxCompile Include="Content\SamplePixelShader.hlsl">
      <Filter>Content</Filter>
    </FxCompile>
    <FxCompile Include="Content\SampleVertexShader.hlsl">
      <Filter>Content</Filter>
    </FxCompile>
    <Image Include="Assets\LockScreenLogo.scale-200.png">
      <Filter>Assets</Filter>
    </Image>
    <Image Include="Assets\SplashScreen.scale-200.png">
      <Filter>Assets</Filter>
    </Image>
    <Image Include="Assets\Square150x150Logo.scale-200.png">
      <Filter>Assets</Filter>
    </Image>
    <Image Include="Assets\Square44x44Logo.scale-200.png">
      <Filter>Assets</Filter>
    </Image>
    <Image Include="Assets\Square44x44Logo.targetsize-24_altform-unplated.png">
      <Filter>Assets</Filter>
    </Image>
    <Image Include="Assets\Wide310x150Logo.scale-200.png">
      <Filter>Assets</Filter>
    </Image>
    <Filter Include="Assets\Textures">
      <UniqueIdentifier>{5a348986-c60d-4899-b449-b5f71d0424f8}</UniqueIdentifier>
    </Filter>
    <Filter Include="Assets\Models">
      <UniqueIdentifier>{2d820424-ea2a-44c5-9f3e-5dc7b4979033}</UniqueIdentifier>
    </Filter>
  </ItemGroup>
  <ItemGroup>
    <ClCompile Include="App.cpp" />
    <ClCompile Include="GraphicsSceneMain.cpp" />
    <ClCompile Include="pch.cpp" />
    <ClCompile Include="DDSTextureLoader.cpp" />
    <ClCompile Include="Model.cpp" />
    <ClCompile Include="ShadowMap.cpp" />
  </ItemGroup>
  <ItemGroup>
    <ClInclude Include="App.h" />
    <ClInclude Include="GraphicsSceneMain.h" />
    <ClInclude Include="pch.h" />
    <ClInclude Include="DDSTextureLoader.h" />
    <ClInclude Include="Model.h" />
    <ClInclude Include="ShadowMap.h" />
  </ItemGroup>
  <ItemGroup>
    <Image Include="Assets\StoreLogo.png">
      <Filter>Assets</Filter>
    </Image>
    <Image Include="Box_Wood02Dark.dds">
      <Filter>Assets\Textures</Filter>
    </Image>
    <Image Include="BumpMapFlatColour.dds">
      <Filter>Assets\Textures</Filter>
    </Image>
    <Image Include="Diffuse_Fuzzy.dds">
      <Filter>Assets\Textures</Filter>
    </Image>
    <Image Include="Normal_Fuzzy.dds">
      <Filter>Assets\Textures</Filter>
    </Image>
    <Image Include="SkyboxOcean.dds">
      <Filter>Assets\Textures</Filter>
    </Image>
    <Image Include="tilefloor2_seamless.dds">
      <Filter>Assets\Textures</Filter>
    </Image>
    <Image Include="T_HeavyTurret_N.dds">
      <Filter>Assets\Textures</Filter>
    </Image>
    <Image Include="T_HeavyTurret_S.dds">
      <Filter>Assets\Textures</Filter>
    </Image>
    <Image Include="T_HeavyTurret_D.dds">
      <Filter>Assets\Textures</Filter>
    </Image>
    <Image Include="Box_Wood02Dark_N.dds">
      <Filter>Assets\Textures</Filter>
    </Image>
    <Image Include="tilefloor2_seamless_N.dds">
      <Filter>Assets\Textures</Filter>
    </Image>
    <Image Include="Fieldstone.dds">
      <Filter>Assets\Textures</Filter>
    </Image>
    <Image Include="FieldstoneBump.dds">
      <Filter>Assets\Textures</Filter>
    </Image>
  </ItemGroup>
  <ItemGroup>
    <AppxManifest Include="Package.appxmanifest" />
  </ItemGroup>
  <ItemGroup>
    <None Include="GraphicsScene_TemporaryKey.pfx" />
    <None Include="Content\LightingCalculations.hlsli">
      <Filter>Content</Filter>
    </None>
    <None Include="Goomba.obj">
      <Filter>Assets\Models</Filter>
    </None>
    <None Include="test pyramid.obj">
      <Filter>Assets\Models</Filter>
    </None>
    <None Include="GunTurret01.obj">
      <Filter>Assets\Models</Filter>
    </None>
    <None Include="Cube.obj">
      <Filter>Assets\Models</Filter>
    </None>
    <None Include="Sphere.obj">
      <Filter>Assets\Models</Filter>
    </None>
  </ItemGroup>
  <ItemGroup>
    <FxCompile Include="Content\PSNormalMap.hlsl">
      <Filter>Content</Filter>
    </FxCompile>
    <FxCompile Include="Content\PSNormalSpecular.hlsl">
      <Filter>Content</Filter>
    </FxCompile>
    <FxCompile Include="PSSkybox.hlsl">
      <Filter>Content</Filter>
    </FxCompile>
    <FxCompile Include="VSSkybox.hlsl">
      <Filter>Content</Filter>
    </FxCompile>
    <FxCompile Include="GeometryShader.hlsl">
      <Filter>Content</Filter>
    </FxCompile>
    <FxCompile Include="Content\VSInstanced.hlsl">
      <Filter>Content</Filter>
    </FxCompile>
    <FxCompile Include="VertexShaderM.hlsl">
      <Filter>Content</Filter>
    </FxCompile>
    <FxCompile Include="GeometryShaderVP.hlsl">
      <Filter>Content</Filter>
    </FxCompile>
    <FxCompile Include="GSSkybox.hlsl">
      <Filter>Content</Filter>
    </FxCompile>
  </ItemGroup>
</Project>